
Microsoft Visual Studio Solution File, Format Version 12.00
# Visual Studio Version 16
VisualStudioVersion = 16.0.29209.62
MinimumVisualStudioVersion = 10.0.40219.1
Project("{FAE04EC0-301F-11D3-BF4B-00C04F79EFBC}") = "PesquisaCEP", "PesquisaCEP\PesquisaCEP.csproj", "{761B7AA2-0DB3-4BAB-8F47-59782A53AF18}"
EndProject
Global
	GlobalSection(SolutionConfigurationPlatforms) = preSolution
		Debug|Any CPU = Debug|Any CPU
		Release|Any CPU = Release|Any CPU
	EndGlobalSection
	GlobalSection(ProjectConfigurationPlatforms) = postSolution
		{761B7AA2-0DB3-4BAB-8F47-59782A53AF18}.Debug|Any CPU.ActiveCfg = Debug|Any CPU
		{761B7AA2-0DB3-4BAB-8F47-59782A53AF18}.Debug|Any CPU.Build.0 = Debug|Any CPU
		{761B7AA2-0DB3-4BAB-8F47-59782A53AF18}.Release|Any CPU.ActiveCfg = Release|Any CPU
		{761B7AA2-0DB3-4BAB-8F47-59782A53AF18}.Release|Any CPU.Build.0 = Release|Any CPU
	EndGlobalSection
	GlobalSection(SolutionProperties) = preSolution
		HideSolutionNode = FALSE
	EndGlobalSection
	GlobalSection(ExtensibilityGlobals) = postSolution
		SolutionGuid = {CAF78FA8-2D6A-48C3-A473-9122FC151A92}
	EndGlobalSection
EndGlobal
