
Microsoft Visual Studio Solution File, Format Version 12.00
# Visual Studio Version 16
VisualStudioVersion = 16.0.29102.190
MinimumVisualStudioVersion = 10.0.40219.1
Project("{FAE04EC0-301F-11D3-BF4B-00C04F79EFBC}") = "Atividade1507", "Atividade1507.csproj", "{5968203A-479F-403E-A64E-25B39E4EBAB1}"
EndProject
Global
	GlobalSection(SolutionConfigurationPlatforms) = preSolution
		Debug|Any CPU = Debug|Any CPU
		Release|Any CPU = Release|Any CPU
	EndGlobalSection
	GlobalSection(ProjectConfigurationPlatforms) = postSolution
		{5968203A-479F-403E-A64E-25B39E4EBAB1}.Debug|Any CPU.ActiveCfg = Debug|Any CPU
		{5968203A-479F-403E-A64E-25B39E4EBAB1}.Debug|Any CPU.Build.0 = Debug|Any CPU
		{5968203A-479F-403E-A64E-25B39E4EBAB1}.Release|Any CPU.ActiveCfg = Release|Any CPU
		{5968203A-479F-403E-A64E-25B39E4EBAB1}.Release|Any CPU.Build.0 = Release|Any CPU
	EndGlobalSection
	GlobalSection(SolutionProperties) = preSolution
		HideSolutionNode = FALSE
	EndGlobalSection
	GlobalSection(ExtensibilityGlobals) = postSolution
		SolutionGuid = {DDBD2FDF-DFA6-4275-8156-E12C2A4C524F}
	EndGlobalSection
EndGlobal
