
Microsoft Visual Studio Solution File, Format Version 12.00
# Visual Studio Version 16
VisualStudioVersion = 16.0.29123.88
MinimumVisualStudioVersion = 10.0.40219.1
Project("{FAE04EC0-301F-11D3-BF4B-00C04F79EFBC}") = "MVCProject", "MVCProject\MVCProject.csproj", "{07DC12DC-54B7-43BF-A307-AA8A4529F668}"
EndProject
Global
	GlobalSection(SolutionConfigurationPlatforms) = preSolution
		Debug|Any CPU = Debug|Any CPU
		Release|Any CPU = Release|Any CPU
	EndGlobalSection
	GlobalSection(ProjectConfigurationPlatforms) = postSolution
		{07DC12DC-54B7-43BF-A307-AA8A4529F668}.Debug|Any CPU.ActiveCfg = Debug|Any CPU
		{07DC12DC-54B7-43BF-A307-AA8A4529F668}.Debug|Any CPU.Build.0 = Debug|Any CPU
		{07DC12DC-54B7-43BF-A307-AA8A4529F668}.Release|Any CPU.ActiveCfg = Release|Any CPU
		{07DC12DC-54B7-43BF-A307-AA8A4529F668}.Release|Any CPU.Build.0 = Release|Any CPU
	EndGlobalSection
	GlobalSection(SolutionProperties) = preSolution
		HideSolutionNode = FALSE
	EndGlobalSection
	GlobalSection(ExtensibilityGlobals) = postSolution
		SolutionGuid = {6D51BF39-8358-4FA6-BDD7-2C20AD231BB8}
	EndGlobalSection
EndGlobal
