
Microsoft Visual Studio Solution File, Format Version 12.00
# Visual Studio Version 16
VisualStudioVersion = 16.0.29209.62
MinimumVisualStudioVersion = 10.0.40219.1
Project("{FAE04EC0-301F-11D3-BF4B-00C04F79EFBC}") = "WebApi", "WebApi\WebApi.csproj", "{BCB103BC-70E4-4304-ACDB-D4535EA20FB9}"
EndProject
Global
	GlobalSection(SolutionConfigurationPlatforms) = preSolution
		Debug|Any CPU = Debug|Any CPU
		Release|Any CPU = Release|Any CPU
	EndGlobalSection
	GlobalSection(ProjectConfigurationPlatforms) = postSolution
		{BCB103BC-70E4-4304-ACDB-D4535EA20FB9}.Debug|Any CPU.ActiveCfg = Debug|Any CPU
		{BCB103BC-70E4-4304-ACDB-D4535EA20FB9}.Debug|Any CPU.Build.0 = Debug|Any CPU
		{BCB103BC-70E4-4304-ACDB-D4535EA20FB9}.Release|Any CPU.ActiveCfg = Release|Any CPU
		{BCB103BC-70E4-4304-ACDB-D4535EA20FB9}.Release|Any CPU.Build.0 = Release|Any CPU
	EndGlobalSection
	GlobalSection(SolutionProperties) = preSolution
		HideSolutionNode = FALSE
	EndGlobalSection
	GlobalSection(ExtensibilityGlobals) = postSolution
		SolutionGuid = {F9BFE87F-3C6A-4AD3-976D-0AF87C4426FC}
	EndGlobalSection
EndGlobal
