
Microsoft Visual Studio Solution File, Format Version 12.00
# Visual Studio Version 16
VisualStudioVersion = 16.0.29215.179
MinimumVisualStudioVersion = 10.0.40219.1
Project("{FAE04EC0-301F-11D3-BF4B-00C04F79EFBC}") = "WebMvcApp", "WebMvcApp\WebMvcApp.csproj", "{1C05E89D-C3DF-4D3C-B55E-6656C4A65792}"
EndProject
Global
	GlobalSection(SolutionConfigurationPlatforms) = preSolution
		Debug|Any CPU = Debug|Any CPU
		Release|Any CPU = Release|Any CPU
	EndGlobalSection
	GlobalSection(ProjectConfigurationPlatforms) = postSolution
		{1C05E89D-C3DF-4D3C-B55E-6656C4A65792}.Debug|Any CPU.ActiveCfg = Debug|Any CPU
		{1C05E89D-C3DF-4D3C-B55E-6656C4A65792}.Debug|Any CPU.Build.0 = Debug|Any CPU
		{1C05E89D-C3DF-4D3C-B55E-6656C4A65792}.Release|Any CPU.ActiveCfg = Release|Any CPU
		{1C05E89D-C3DF-4D3C-B55E-6656C4A65792}.Release|Any CPU.Build.0 = Release|Any CPU
	EndGlobalSection
	GlobalSection(SolutionProperties) = preSolution
		HideSolutionNode = FALSE
	EndGlobalSection
	GlobalSection(ExtensibilityGlobals) = postSolution
		SolutionGuid = {07DEFE5E-D68A-4A65-9A36-5625D3CD641F}
	EndGlobalSection
EndGlobal
